// !$*UTF8*$!
{
	archiveVersion = 1;
	classes = {
	};
	objectVersion = 48;
	objects = {

/* Begin PBXBuildFile section */
		780A332D1EEEA7E100EDCF18 /* AppDelegate.m in Sources */ = {isa = PBXBuildFile; fileRef = 780A332C1EEEA7E100EDCF18 /* AppDelegate.m */; };
		780A33301EEEA7E100EDCF18 /* ViewController.m in Sources */ = {isa = PBXBuildFile; fileRef = 780A332F1EEEA7E100EDCF18 /* ViewController.m */; };
		780A33331EEEA7E100EDCF18 /* Main.storyboard in Resources */ = {isa = PBXBuildFile; fileRef = 780A33311EEEA7E100EDCF18 /* Main.storyboard */; };
		780A33351EEEA7E100EDCF18 /* Assets.xcassets in Resources */ = {isa = PBXBuildFile; fileRef = 780A33341EEEA7E100EDCF18 /* Assets.xcassets */; };
		780A33381EEEA7E100EDCF18 /* LaunchScreen.storyboard in Resources */ = {isa = PBXBuildFile; fileRef = 780A33361EEEA7E100EDCF18 /* LaunchScreen.storyboard */; };
		780A333B1EEEA7E100EDCF18 /* main.m in Sources */ = {isa = PBXBuildFile; fileRef = 780A333A1EEEA7E100EDCF18 /* main.m */; };
		780A33441EEEA83F00EDCF18 /* SwiftClassImpl.swift in Sources */ = {isa = PBXBuildFile; fileRef = 780A33431EEEA83F00EDCF18 /* SwiftClassImpl.swift */; };
		780A33471EEEA92E00EDCF18 /* ObjCClassImpl.m in Sources */ = {isa = PBXBuildFile; fileRef = 780A33461EEEA92E00EDCF18 /* ObjCClassImpl.m */; };
/* End PBXBuildFile section */

/* Begin PBXFileReference section */
		780A33281EEEA7E100EDCF18 /* DemoPCHError.app */ = {isa = PBXFileReference; explicitFileType = wrapper.application; includeInIndex = 0; path = DemoPCHError.app; sourceTree = BUILT_PRODUCTS_DIR; };
		780A332B1EEEA7E100EDCF18 /* AppDelegate.h */ = {isa = PBXFileReference; lastKnownFileType = sourcecode.c.h; path = AppDelegate.h; sourceTree = "<group>"; };
		780A332C1EEEA7E100EDCF18 /* AppDelegate.m */ = {isa = PBXFileReference; lastKnownFileType = sourcecode.c.objc; path = AppDelegate.m; sourceTree = "<group>"; };
		780A332E1EEEA7E100EDCF18 /* ViewController.h */ = {isa = PBXFileReference; lastKnownFileType = sourcecode.c.h; path = ViewController.h; sourceTree = "<group>"; };
		780A332F1EEEA7E100EDCF18 /* ViewController.m */ = {isa = PBXFileReference; lastKnownFileType = sourcecode.c.objc; path = ViewController.m; sourceTree = "<group>"; };
		780A33321EEEA7E100EDCF18 /* Base */ = {isa = PBXFileReference; lastKnownFileType = file.storyboard; name = Base; path = Base.lproj/Main.storyboard; sourceTree = "<group>"; };
		780A33341EEEA7E100EDCF18 /* Assets.xcassets */ = {isa = PBXFileReference; lastKnownFileType = folder.assetcatalog; path = Assets.xcassets; sourceTree = "<group>"; };
		780A33371EEEA7E100EDCF18 /* Base */ = {isa = PBXFileReference; lastKnownFileType = file.storyboard; name = Base; path = Base.lproj/LaunchScreen.storyboard; sourceTree = "<group>"; };
		780A33391EEEA7E100EDCF18 /* Info.plist */ = {isa = PBXFileReference; lastKnownFileType = text.plist.xml; path = Info.plist; sourceTree = "<group>"; };
		780A333A1EEEA7E100EDCF18 /* main.m */ = {isa = PBXFileReference; lastKnownFileType = sourcecode.c.objc; path = main.m; sourceTree = "<group>"; };
		780A33411EEEA82300EDCF18 /* DemoPCHError.pch */ = {isa = PBXFileReference; lastKnownFileType = sourcecode.c.h; path = DemoPCHError.pch; sourceTree = "<group>"; };
		780A33421EEEA83F00EDCF18 /* DemoPCHError-Bridging-Header.h */ = {isa = PBXFileReference; lastKnownFileType = sourcecode.c.h; path = "DemoPCHError-Bridging-Header.h"; sourceTree = "<group>"; };
		780A33431EEEA83F00EDCF18 /* SwiftClassImpl.swift */ = {isa = PBXFileReference; lastKnownFileType = sourcecode.swift; path = SwiftClassImpl.swift; sourceTree = "<group>"; };
		780A33451EEEA92E00EDCF18 /* ObjCClassImpl.h */ = {isa = PBXFileReference; lastKnownFileType = sourcecode.c.h; path = ObjCClassImpl.h; sourceTree = "<group>"; };
		780A33461EEEA92E00EDCF18 /* ObjCClassImpl.m */ = {isa = PBXFileReference; lastKnownFileType = sourcecode.c.objc; path = ObjCClassImpl.m; sourceTree = "<group>"; };
/* End PBXFileReference section */

/* Begin PBXFrameworksBuildPhase section */
		780A33251EEEA7E100EDCF18 /* Frameworks */ = {
			isa = PBXFrameworksBuildPhase;
			buildActionMask = 2147483647;
			files = (
			);
			runOnlyForDeploymentPostprocessing = 0;
		};
/* End PBXFrameworksBuildPhase section */

/* Begin PBXGroup section */
		780A331F1EEEA7E100EDCF18 = {
			isa = PBXGroup;
			children = (
				780A33411EEEA82300EDCF18 /* DemoPCHError.pch */,
				780A332A1EEEA7E100EDCF18 /* DemoPCHError */,
				780A33291EEEA7E100EDCF18 /* Products */,
			);
			sourceTree = "<group>";
		};
		780A33291EEEA7E100EDCF18 /* Products */ = {
			isa = PBXGroup;
			children = (
				780A33281EEEA7E100EDCF18 /* DemoPCHError.app */,
			);
			name = Products;
			sourceTree = "<group>";
		};
		780A332A1EEEA7E100EDCF18 /* DemoPCHError */ = {
			isa = PBXGroup;
			children = (
				780A332B1EEEA7E100EDCF18 /* AppDelegate.h */,
				780A332C1EEEA7E100EDCF18 /* AppDelegate.m */,
				780A332E1EEEA7E100EDCF18 /* ViewController.h */,
				780A332F1EEEA7E100EDCF18 /* ViewController.m */,
				780A33311EEEA7E100EDCF18 /* Main.storyboard */,
				780A33341EEEA7E100EDCF18 /* Assets.xcassets */,
				780A33361EEEA7E100EDCF18 /* LaunchScreen.storyboard */,
				780A33391EEEA7E100EDCF18 /* Info.plist */,
				780A333A1EEEA7E100EDCF18 /* main.m */,
				780A33431EEEA83F00EDCF18 /* SwiftClassImpl.swift */,
				780A33421EEEA83F00EDCF18 /* DemoPCHError-Bridging-Header.h */,
				780A33451EEEA92E00EDCF18 /* ObjCClassImpl.h */,
				780A33461EEEA92E00EDCF18 /* ObjCClassImpl.m */,
			);
			path = DemoPCHError;
			sourceTree = "<group>";
		};
/* End PBXGroup section */

/* Begin PBXNativeTarget section */
		780A33271EEEA7E100EDCF18 /* DemoPCHError */ = {
			isa = PBXNativeTarget;
			buildConfigurationList = 780A333E1EEEA7E100EDCF18 /* Build configuration list for PBXNativeTarget "DemoPCHError" */;
			buildPhases = (
				780A33241EEEA7E100EDCF18 /* Sources */,
				780A33251EEEA7E100EDCF18 /* Frameworks */,
				780A33261EEEA7E100EDCF18 /* Resources */,
			);
			buildRules = (
			);
			dependencies = (
			);
			name = DemoPCHError;
			productName = DemoPCHError;
			productReference = 780A33281EEEA7E100EDCF18 /* DemoPCHError.app */;
			productType = "com.apple.product-type.application";
		};
/* End PBXNativeTarget section */

/* Begin PBXProject section */
		780A33201EEEA7E100EDCF18 /* Project object */ = {
			isa = PBXProject;
			attributes = {
				LastUpgradeCheck = 0900;
				ORGANIZATIONNAME = Demo;
				TargetAttributes = {
					780A33271EEEA7E100EDCF18 = {
						CreatedOnToolsVersion = 9.0;
						LastSwiftMigration = 0900;
					};
				};
			};
			buildConfigurationList = 780A33231EEEA7E100EDCF18 /* Build configuration list for PBXProject "DemoPCHError" */;
			compatibilityVersion = "Xcode 8.0";
			developmentRegion = en;
			hasScannedForEncodings = 0;
			knownRegions = (
				en,
				Base,
			);
			mainGroup = 780A331F1EEEA7E100EDCF18;
			productRefGroup = 780A33291EEEA7E100EDCF18 /* Products */;
			projectDirPath = "";
			projectRoot = "";
			targets = (
				780A33271EEEA7E100EDCF18 /* DemoPCHError */,
			);
		};
/* End PBXProject section */

/* Begin PBXResourcesBuildPhase section */
		780A33261EEEA7E100EDCF18 /* Resources */ = {
			isa = PBXResourcesBuildPhase;
			buildActionMask = 2147483647;
			files = (
				780A33381EEEA7E100EDCF18 /* LaunchScreen.storyboard in Resources */,
				780A33351EEEA7E100EDCF18 /* Assets.xcassets in Resources */,
				780A33331EEEA7E100EDCF18 /* Main.storyboard in Resources */,
			);
			runOnlyForDeploymentPostprocessing = 0;
		};
/* End PBXResourcesBuildPhase section */

/* Begin PBXSourcesBuildPhase section */
		780A33241EEEA7E100EDCF18 /* Sources */ = {
			isa = PBXSourcesBuildPhase;
			buildActionMask = 2147483647;
			files = (
				780A33471EEEA92E00EDCF18 /* ObjCClassImpl.m in Sources */,
				780A33441EEEA83F00EDCF18 /* SwiftClassImpl.swift in Sources */,
				780A33301EEEA7E100EDCF18 /* ViewController.m in Sources */,
				780A333B1EEEA7E100EDCF18 /* main.m in Sources */,
				780A332D1EEEA7E100EDCF18 /* AppDelegate.m in Sources */,
			);
			runOnlyForDeploymentPostprocessing = 0;
		};
/* End PBXSourcesBuildPhase section */

/* Begin PBXVariantGroup section */
		780A33311EEEA7E100EDCF18 /* Main.storyboard */ = {
			isa = PBXVariantGroup;
			children = (
				780A33321EEEA7E100EDCF18 /* Base */,
			);
			name = Main.storyboard;
			sourceTree = "<group>";
		};
		780A33361EEEA7E100EDCF18 /* LaunchScreen.storyboard */ = {
			isa = PBXVariantGroup;
			children = (
				780A33371EEEA7E100EDCF18 /* Base */,
			);
			name = LaunchScreen.storyboard;
			sourceTree = "<group>";
		};
/* End PBXVariantGroup section */

/* Begin XCBuildConfiguration section */
		780A333C1EEEA7E100EDCF18 /* Debug */ = {
			isa = XCBuildConfiguration;
			buildSettings = {
				ALWAYS_SEARCH_USER_PATHS = NO;
				CLANG_ANALYZER_NONNULL = YES;
				CLANG_ANALYZER_NUMBER_OBJECT_CONVERSION = YES_AGGRESSIVE;
				CLANG_CXX_LANGUAGE_STANDARD = "gnu++14";
				CLANG_CXX_LIBRARY = "libc++";
				CLANG_ENABLE_MODULES = YES;
				CLANG_ENABLE_OBJC_ARC = YES;
				CLANG_WARN_BLOCK_CAPTURE_AUTORELEASING = YES;
				CLANG_WARN_BOOL_CONVERSION = YES;
				CLANG_WARN_COMMA = YES;
				CLANG_WARN_CONSTANT_CONVERSION = YES;
				CLANG_WARN_DIRECT_OBJC_ISA_USAGE = YES_ERROR;
				CLANG_WARN_DOCUMENTATION_COMMENTS = YES;
				CLANG_WARN_EMPTY_BODY = YES;
				CLANG_WARN_ENUM_CONVERSION = YES;
				CLANG_WARN_INFINITE_RECURSION = YES;
				CLANG_WARN_INT_CONVERSION = YES;
				CLANG_WARN_OBJC_ROOT_CLASS = YES_ERROR;
				CLANG_WARN_RANGE_LOOP_ANALYSIS = YES;
				CLANG_WARN_STRICT_PROTOTYPES = YES;
				CLANG_WARN_SUSPICIOUS_MOVE = YES;
				CLANG_WARN_UNGUARDED_AVAILABILITY = YES_AGGRESSIVE;
				CLANG_WARN_UNREACHABLE_CODE = YES;
				CLANG_WARN__DUPLICATE_METHOD_MATCH = YES;
				CODE_SIGN_IDENTITY = "iPhone Developer";
				COPY_PHASE_STRIP = NO;
				DEBUG_INFORMATION_FORMAT = dwarf;
				ENABLE_STRICT_OBJC_MSGSEND = YES;
				ENABLE_TESTABILITY = YES;
				GCC_C_LANGUAGE_STANDARD = gnu11;
				GCC_DYNAMIC_NO_PIC = NO;
				GCC_NO_COMMON_BLOCKS = YES;
				GCC_OPTIMIZATION_LEVEL = 0;
				GCC_PREPROCESSOR_DEFINITIONS = (
					"DEBUG=1",
					"$(inherited)",
				);
				GCC_WARN_64_TO_32_BIT_CONVERSION = YES;
				GCC_WARN_ABOUT_RETURN_TYPE = YES_ERROR;
				GCC_WARN_UNDECLARED_SELECTOR = YES;
				GCC_WARN_UNINITIALIZED_AUTOS = YES_AGGRESSIVE;
				GCC_WARN_UNUSED_FUNCTION = YES;
				GCC_WARN_UNUSED_VARIABLE = YES;
				IPHONEOS_DEPLOYMENT_TARGET = 11.0;
				MTL_ENABLE_DEBUG_INFO = YES;
				ONLY_ACTIVE_ARCH = YES;
				SDKROOT = iphoneos;
			};
			name = Debug;
		};
		780A333D1EEEA7E100EDCF18 /* Release */ = {
			isa = XCBuildConfiguration;
			buildSettings = {
				ALWAYS_SEARCH_USER_PATHS = NO;
				CLANG_ANALYZER_NONNULL = YES;
				CLANG_ANALYZER_NUMBER_OBJECT_CONVERSION = YES_AGGRESSIVE;
				CLANG_CXX_LANGUAGE_STANDARD = "gnu++14";
				CLANG_CXX_LIBRARY = "libc++";
				CLANG_ENABLE_MODULES = YES;
				CLANG_ENABLE_OBJC_ARC = YES;
				CLANG_WARN_BLOCK_CAPTURE_AUTORELEASING = YES;
				CLANG_WARN_BOOL_CONVERSION = YES;
				CLANG_WARN_COMMA = YES;
				CLANG_WARN_CONSTANT_CONVERSION = YES;
				CLANG_WARN_DIRECT_OBJC_ISA_USAGE = YES_ERROR;
				CLANG_WARN_DOCUMENTATION_COMMENTS = YES;
				CLANG_WARN_EMPTY_BODY = YES;
				CLANG_WARN_ENUM_CONVERSION = YES;
				CLANG_WARN_INFINITE_RECURSION = YES;
				CLANG_WARN_INT_CONVERSION = YES;
				CLANG_WARN_OBJC_ROOT_CLASS = YES_ERROR;
				CLANG_WARN_RANGE_LOOP_ANALYSIS = YES;
				CLANG_WARN_STRICT_PROTOTYPES = YES;
				CLANG_WARN_SUSPICIOUS_MOVE = YES;
				CLANG_WARN_UNGUARDED_AVAILABILITY = YES_AGGRESSIVE;
				CLANG_WARN_UNREACHABLE_CODE = YES;
				CLANG_WARN__DUPLICATE_METHOD_MATCH = YES;
				CODE_SIGN_IDENTITY = "iPhone Developer";
				COPY_PHASE_STRIP = NO;
				DEBUG_INFORMATION_FORMAT = "dwarf-with-dsym";
				ENABLE_NS_ASSERTIONS = NO;
				ENABLE_STRICT_OBJC_MSGSEND = YES;
				GCC_C_LANGUAGE_STANDARD = gnu11;
				GCC_NO_COMMON_BLOCKS = YES;
				GCC_WARN_64_TO_32_BIT_CONVERSION = YES;
				GCC_WARN_ABOUT_RETURN_TYPE = YES_ERROR;
				GCC_WARN_UNDECLARED_SELECTOR = YES;
				GCC_WARN_UNINITIALIZED_AUTOS = YES_AGGRESSIVE;
				GCC_WARN_UNUSED_FUNCTION = YES;
				GCC_WARN_UNUSED_VARIABLE = YES;
				IPHONEOS_DEPLOYMENT_TARGET = 11.0;
				MTL_ENABLE_DEBUG_INFO = NO;
				SDKROOT = iphoneos;
				VALIDATE_PRODUCT = YES;
			};
			name = Release;
		};
		780A333F1EEEA7E100EDCF18 /* Debug */ = {
			isa = XCBuildConfiguration;
			buildSettings = {
				ASSETCATALOG_COMPILER_APPICON_NAME = AppIcon;
				CLANG_ENABLE_MODULES = YES;
				GCC_PRECOMPILE_PREFIX_HEADER = YES;
				GCC_PREFIX_HEADER = DemoPCHError.pch;
				INFOPLIST_FILE = DemoPCHError/Info.plist;
				LD_RUNPATH_SEARCH_PATHS = "$(inherited) @executable_path/Frameworks";
				PRODUCT_BUNDLE_IDENTIFIER = com.demo.DemoPCHError;
				PRODUCT_NAME = "$(TARGET_NAME)";
				SWIFT_OBJC_BRIDGING_HEADER = "DemoPCHError/DemoPCHError-Bridging-Header.h";
				SWIFT_OPTIMIZATION_LEVEL = "-Onone";
				SWIFT_VERSION = 3.0;
				TARGETED_DEVICE_FAMILY = "1,2";
			};
			name = Debug;
		};
		780A33401EEEA7E100EDCF18 /* Release */ = {
			isa = XCBuildConfiguration;
			buildSettings = {
				ASSETCATALOG_COMPILER_APPICON_NAME = AppIcon;
				CLANG_ENABLE_MODULES = YES;
				GCC_PRECOMPILE_PREFIX_HEADER = YES;
				GCC_PREFIX_HEADER = DemoPCHError.pch;
				INFOPLIST_FILE = DemoPCHError/Info.plist;
				LD_RUNPATH_SEARCH_PATHS = "$(inherited) @executable_path/Frameworks";
				PRODUCT_BUNDLE_IDENTIFIER = com.demo.DemoPCHError;
				PRODUCT_NAME = "$(TARGET_NAME)";
				SWIFT_OBJC_BRIDGING_HEADER = "DemoPCHError/DemoPCHError-Bridging-Header.h";
				SWIFT_VERSION = 3.0;
				TARGETED_DEVICE_FAMILY = "1,2";
			};
			name = Release;
		};
/* End XCBuildConfiguration section */

/* Begin XCConfigurationList section */
		780A33231EEEA7E100EDCF18 /* Build configuration list for PBXProject "DemoPCHError" */ = {
			isa = XCConfigurationList;
			buildConfigurations = (
				780A333C1EEEA7E100EDCF18 /* Debug */,
				780A333D1EEEA7E100EDCF18 /* Release */,
			);
			defaultConfigurationIsVisible = 0;
			defaultConfigurationName = Release;
		};
		780A333E1EEEA7E100EDCF18 /* Build configuration list for PBXNativeTarget "DemoPCHError" */ = {
			isa = XCConfigurationList;
			buildConfigurations = (
				780A333F1EEEA7E100EDCF18 /* Debug */,
				780A33401EEEA7E100EDCF18 /* Release */,
			);
			defaultConfigurationIsVisible = 0;
		};
/* End XCConfigurationList section */
	};
	rootObject = 780A33201EEEA7E100EDCF18 /* Project object */;
}
